{
  "requires": true,
  "lockfileVersion": 1,
  "dependencies": {
    "negotiator": {
      "version": "0.6.1",
      "resolved": "https://registry.npmjs.org/negotiator/-/negotiator-0.6.1.tgz",
      "integrity": "sha1-KzJxhOiZIQEXeyhWP7XnECrNDKk="
    },
    "type-of-is": {
      "version": "3.5.1",
      "resolved": "https://registry.npmjs.org/type-of-is/-/type-of-is-3.5.1.tgz",
      "integrity": "sha1-7sL8ibgo2/mQDrZBbu4w9P4PzTE="
    }
  }
}
